// !$*UTF8*$!
{
	archiveVersion = 1;
	classes = {
	};
	objectVersion = 56;
	objects = {

/* Begin PBXBuildFile section */
		BE52B7C82C4EB11300141CC3 /* MedicationDetail.swift in Sources */ = {isa = PBXBuildFile; fileRef = BE52B7C72C4EB11300141CC3 /* MedicationDetail.swift */; };
		BE52B7CA2C4EB45900141CC3 /* MedicationList.swift in Sources */ = {isa = PBXBuildFile; fileRef = BE52B7C92C4EB45900141CC3 /* MedicationList.swift */; };
		BE52B7D02C4F41F400141CC3 /* AddNewMedicationDetail.swift in Sources */ = {isa = PBXBuildFile; fileRef = BE52B7CF2C4F41F400141CC3 /* AddNewMedicationDetail.swift */; };
		BE52B7D22C4F420000141CC3 /* AddNewMedication.swift in Sources */ = {isa = PBXBuildFile; fileRef = BE52B7D12C4F420000141CC3 /* AddNewMedication.swift */; };
		BED362ED2C45B2DA00F88521 /* ADHD_TrackerApp.swift in Sources */ = {isa = PBXBuildFile; fileRef = BED362EC2C45B2DA00F88521 /* ADHD_TrackerApp.swift */; };
		BED362EF2C45B2DA00F88521 /* ContentView.swift in Sources */ = {isa = PBXBuildFile; fileRef = BED362EE2C45B2DA00F88521 /* ContentView.swift */; };
		BED362F32C45B2DD00F88521 /* Assets.xcassets in Resources */ = {isa = PBXBuildFile; fileRef = BED362F22C45B2DD00F88521 /* Assets.xcassets */; };
		BED362F62C45B2DD00F88521 /* Preview Assets.xcassets in Resources */ = {isa = PBXBuildFile; fileRef = BED362F52C45B2DD00F88521 /* Preview Assets.xcassets */; };
		BED362FD2C45B31400F88521 /* Sleep.swift in Sources */ = {isa = PBXBuildFile; fileRef = BED362FC2C45B31400F88521 /* Sleep.swift */; };
		BED362FF2C45B32700F88521 /* Medication.swift in Sources */ = {isa = PBXBuildFile; fileRef = BED362FE2C45B32700F88521 /* Medication.swift */; };
		BED363012C45B33500F88521 /* ScreenTime.swift in Sources */ = {isa = PBXBuildFile; fileRef = BED363002C45B33500F88521 /* ScreenTime.swift */; };
		BED363032C45B36100F88521 /* BloodPressure.swift in Sources */ = {isa = PBXBuildFile; fileRef = BED363022C45B36100F88521 /* BloodPressure.swift */; };
		BED363052C45B43800F88521 /* BloodPressureList.swift in Sources */ = {isa = PBXBuildFile; fileRef = BED363042C45B43800F88521 /* BloodPressureList.swift */; };
		BED363072C45B57000F88521 /* SampleData.swift in Sources */ = {isa = PBXBuildFile; fileRef = BED363062C45B57000F88521 /* SampleData.swift */; };
		BED363092C45B73400F88521 /* SleepList.swift in Sources */ = {isa = PBXBuildFile; fileRef = BED363082C45B73400F88521 /* SleepList.swift */; };
		BED3630B2C45CB9500F88521 /* ScreenTimeList.swift in Sources */ = {isa = PBXBuildFile; fileRef = BED3630A2C45CB9500F88521 /* ScreenTimeList.swift */; };
		BED3630D2C472C7D00F88521 /* BloodPressureDetail.swift in Sources */ = {isa = PBXBuildFile; fileRef = BED3630C2C472C7D00F88521 /* BloodPressureDetail.swift */; };
		BED3630F2C47390B00F88521 /* SleepDetail.swift in Sources */ = {isa = PBXBuildFile; fileRef = BED3630E2C47390B00F88521 /* SleepDetail.swift */; };
		BED363112C473F1200F88521 /* ScreenTimeDetail.swift in Sources */ = {isa = PBXBuildFile; fileRef = BED363102C473F1200F88521 /* ScreenTimeDetail.swift */; };
		BED363152C49F7D100F88521 /* EventDay.swift in Sources */ = {isa = PBXBuildFile; fileRef = BED363142C49F7D100F88521 /* EventDay.swift */; };
		BED363172C4A156300F88521 /* EventDayList.swift in Sources */ = {isa = PBXBuildFile; fileRef = BED363162C4A156300F88521 /* EventDayList.swift */; };
		BED363192C4A17C400F88521 /* EventDayDetail.swift in Sources */ = {isa = PBXBuildFile; fileRef = BED363182C4A17C400F88521 /* EventDayDetail.swift */; };
		BED3631B2C4B2B8400F88521 /* DayData.swift in Sources */ = {isa = PBXBuildFile; fileRef = BED3631A2C4B2B8400F88521 /* DayData.swift */; };
/* End PBXBuildFile section */

/* Begin PBXFileReference section */
		BE52B7C72C4EB11300141CC3 /* MedicationDetail.swift */ = {isa = PBXFileReference; lastKnownFileType = sourcecode.swift; path = MedicationDetail.swift; sourceTree = "<group>"; };
		BE52B7C92C4EB45900141CC3 /* MedicationList.swift */ = {isa = PBXFileReference; lastKnownFileType = sourcecode.swift; path = MedicationList.swift; sourceTree = "<group>"; };
		BE52B7CF2C4F41F400141CC3 /* AddNewMedicationDetail.swift */ = {isa = PBXFileReference; lastKnownFileType = sourcecode.swift; path = AddNewMedicationDetail.swift; sourceTree = "<group>"; };
		BE52B7D12C4F420000141CC3 /* AddNewMedication.swift */ = {isa = PBXFileReference; lastKnownFileType = sourcecode.swift; path = AddNewMedication.swift; sourceTree = "<group>"; };
		BED362E92C45B2DA00F88521 /* ADHD Tracker.app */ = {isa = PBXFileReference; explicitFileType = wrapper.application; includeInIndex = 0; path = "ADHD Tracker.app"; sourceTree = BUILT_PRODUCTS_DIR; };
		BED362EC2C45B2DA00F88521 /* ADHD_TrackerApp.swift */ = {isa = PBXFileReference; lastKnownFileType = sourcecode.swift; path = ADHD_TrackerApp.swift; sourceTree = "<group>"; };
		BED362EE2C45B2DA00F88521 /* ContentView.swift */ = {isa = PBXFileReference; lastKnownFileType = sourcecode.swift; path = ContentView.swift; sourceTree = "<group>"; };
		BED362F22C45B2DD00F88521 /* Assets.xcassets */ = {isa = PBXFileReference; lastKnownFileType = folder.assetcatalog; path = Assets.xcassets; sourceTree = "<group>"; };
		BED362F52C45B2DD00F88521 /* Preview Assets.xcassets */ = {isa = PBXFileReference; lastKnownFileType = folder.assetcatalog; path = "Preview Assets.xcassets"; sourceTree = "<group>"; };
		BED362FC2C45B31400F88521 /* Sleep.swift */ = {isa = PBXFileReference; lastKnownFileType = sourcecode.swift; path = Sleep.swift; sourceTree = "<group>"; };
		BED362FE2C45B32700F88521 /* Medication.swift */ = {isa = PBXFileReference; lastKnownFileType = sourcecode.swift; path = Medication.swift; sourceTree = "<group>"; };
		BED363002C45B33500F88521 /* ScreenTime.swift */ = {isa = PBXFileReference; lastKnownFileType = sourcecode.swift; path = ScreenTime.swift; sourceTree = "<group>"; };
		BED363022C45B36100F88521 /* BloodPressure.swift */ = {isa = PBXFileReference; lastKnownFileType = sourcecode.swift; path = BloodPressure.swift; sourceTree = "<group>"; };
		BED363042C45B43800F88521 /* BloodPressureList.swift */ = {isa = PBXFileReference; lastKnownFileType = sourcecode.swift; path = BloodPressureList.swift; sourceTree = "<group>"; };
		BED363062C45B57000F88521 /* SampleData.swift */ = {isa = PBXFileReference; lastKnownFileType = sourcecode.swift; path = SampleData.swift; sourceTree = "<group>"; };
		BED363082C45B73400F88521 /* SleepList.swift */ = {isa = PBXFileReference; lastKnownFileType = sourcecode.swift; path = SleepList.swift; sourceTree = "<group>"; };
		BED3630A2C45CB9500F88521 /* ScreenTimeList.swift */ = {isa = PBXFileReference; lastKnownFileType = sourcecode.swift; path = ScreenTimeList.swift; sourceTree = "<group>"; };
		BED3630C2C472C7D00F88521 /* BloodPressureDetail.swift */ = {isa = PBXFileReference; lastKnownFileType = sourcecode.swift; path = BloodPressureDetail.swift; sourceTree = "<group>"; };
		BED3630E2C47390B00F88521 /* SleepDetail.swift */ = {isa = PBXFileReference; lastKnownFileType = sourcecode.swift; path = SleepDetail.swift; sourceTree = "<group>"; };
		BED363102C473F1200F88521 /* ScreenTimeDetail.swift */ = {isa = PBXFileReference; lastKnownFileType = sourcecode.swift; path = ScreenTimeDetail.swift; sourceTree = "<group>"; };
		BED363142C49F7D100F88521 /* EventDay.swift */ = {isa = PBXFileReference; lastKnownFileType = sourcecode.swift; path = EventDay.swift; sourceTree = "<group>"; };
		BED363162C4A156300F88521 /* EventDayList.swift */ = {isa = PBXFileReference; lastKnownFileType = sourcecode.swift; path = EventDayList.swift; sourceTree = "<group>"; };
		BED363182C4A17C400F88521 /* EventDayDetail.swift */ = {isa = PBXFileReference; lastKnownFileType = sourcecode.swift; path = EventDayDetail.swift; sourceTree = "<group>"; };
		BED3631A2C4B2B8400F88521 /* DayData.swift */ = {isa = PBXFileReference; lastKnownFileType = sourcecode.swift; path = DayData.swift; sourceTree = "<group>"; };
/* End PBXFileReference section */

/* Begin PBXFrameworksBuildPhase section */
		BED362E62C45B2DA00F88521 /* Frameworks */ = {
			isa = PBXFrameworksBuildPhase;
			buildActionMask = 2147483647;
			files = (
			);
			runOnlyForDeploymentPostprocessing = 0;
		};
/* End PBXFrameworksBuildPhase section */

/* Begin PBXGroup section */
		BE52B7C22C4EAFF900141CC3 /* BloodPressure */ = {
			isa = PBXGroup;
			children = (
				BED363022C45B36100F88521 /* BloodPressure.swift */,
				BED3630C2C472C7D00F88521 /* BloodPressureDetail.swift */,
				BED363042C45B43800F88521 /* BloodPressureList.swift */,
			);
			path = BloodPressure;
			sourceTree = "<group>";
		};
		BE52B7C32C4EB01200141CC3 /* ScreenTime */ = {
			isa = PBXGroup;
			children = (
				BED363002C45B33500F88521 /* ScreenTime.swift */,
				BED363102C473F1200F88521 /* ScreenTimeDetail.swift */,
				BED3630A2C45CB9500F88521 /* ScreenTimeList.swift */,
			);
			path = ScreenTime;
			sourceTree = "<group>";
		};
		BE52B7C42C4EB02800141CC3 /* Sleep */ = {
			isa = PBXGroup;
			children = (
				BED362FC2C45B31400F88521 /* Sleep.swift */,
				BED3630E2C47390B00F88521 /* SleepDetail.swift */,
				BED363082C45B73400F88521 /* SleepList.swift */,
			);
			path = Sleep;
			sourceTree = "<group>";
		};
		BE52B7C52C4EB04900141CC3 /* Days */ = {
			isa = PBXGroup;
			children = (
				BED363142C49F7D100F88521 /* EventDay.swift */,
				BED363182C4A17C400F88521 /* EventDayDetail.swift */,
				BED363162C4A156300F88521 /* EventDayList.swift */,
			);
			path = Days;
			sourceTree = "<group>";
		};
		BE52B7C62C4EB07800141CC3 /* Medication */ = {
			isa = PBXGroup;
			children = (
				BED362FE2C45B32700F88521 /* Medication.swift */,
				BE52B7C72C4EB11300141CC3 /* MedicationDetail.swift */,
				BE52B7C92C4EB45900141CC3 /* MedicationList.swift */,
				BE52B7CF2C4F41F400141CC3 /* AddNewMedicationDetail.swift */,
				BE52B7D12C4F420000141CC3 /* AddNewMedication.swift */,
			);
			path = Medication;
			sourceTree = "<group>";
		};
		BED362E02C45B2DA00F88521 = {
			isa = PBXGroup;
			children = (
				BED362EB2C45B2DA00F88521 /* ADHD Tracker */,
				BED362EA2C45B2DA00F88521 /* Products */,
			);
			sourceTree = "<group>";
		};
		BED362EA2C45B2DA00F88521 /* Products */ = {
			isa = PBXGroup;
			children = (
				BED362E92C45B2DA00F88521 /* ADHD Tracker.app */,
			);
			name = Products;
			sourceTree = "<group>";
		};
		BED362EB2C45B2DA00F88521 /* ADHD Tracker */ = {
			isa = PBXGroup;
			children = (
				BED362EE2C45B2DA00F88521 /* ContentView.swift */,
				BE52B7C62C4EB07800141CC3 /* Medication */,
				BE52B7C52C4EB04900141CC3 /* Days */,
				BE52B7C42C4EB02800141CC3 /* Sleep */,
				BE52B7C32C4EB01200141CC3 /* ScreenTime */,
				BE52B7C22C4EAFF900141CC3 /* BloodPressure */,
				BED362EC2C45B2DA00F88521 /* ADHD_TrackerApp.swift */,
				BED3631A2C4B2B8400F88521 /* DayData.swift */,
				BED363062C45B57000F88521 /* SampleData.swift */,
				BED362F22C45B2DD00F88521 /* Assets.xcassets */,
				BED362F42C45B2DD00F88521 /* Preview Content */,
			);
			path = "ADHD Tracker";
			sourceTree = "<group>";
		};
		BED362F42C45B2DD00F88521 /* Preview Content */ = {
			isa = PBXGroup;
			children = (
				BED362F52C45B2DD00F88521 /* Preview Assets.xcassets */,
			);
			path = "Preview Content";
			sourceTree = "<group>";
		};
/* End PBXGroup section */

/* Begin PBXNativeTarget section */
		BED362E82C45B2DA00F88521 /* ADHD Tracker */ = {
			isa = PBXNativeTarget;
			buildConfigurationList = BED362F92C45B2DD00F88521 /* Build configuration list for PBXNativeTarget "ADHD Tracker" */;
			buildPhases = (
				BED362E52C45B2DA00F88521 /* Sources */,
				BED362E62C45B2DA00F88521 /* Frameworks */,
				BED362E72C45B2DA00F88521 /* Resources */,
			);
			buildRules = (
			);
			dependencies = (
			);
			name = "ADHD Tracker";
			productName = "ADHD Tracker";
			productReference = BED362E92C45B2DA00F88521 /* ADHD Tracker.app */;
			productType = "com.apple.product-type.application";
		};
/* End PBXNativeTarget section */

/* Begin PBXProject section */
		BED362E12C45B2DA00F88521 /* Project object */ = {
			isa = PBXProject;
			attributes = {
				BuildIndependentTargetsInParallel = 1;
				LastSwiftUpdateCheck = 1540;
				LastUpgradeCheck = 1540;
				TargetAttributes = {
					BED362E82C45B2DA00F88521 = {
						CreatedOnToolsVersion = 15.4;
					};
				};
			};
			buildConfigurationList = BED362E42C45B2DA00F88521 /* Build configuration list for PBXProject "ADHD Tracker" */;
			compatibilityVersion = "Xcode 14.0";
			developmentRegion = en;
			hasScannedForEncodings = 0;
			knownRegions = (
				en,
				Base,
			);
			mainGroup = BED362E02C45B2DA00F88521;
			productRefGroup = BED362EA2C45B2DA00F88521 /* Products */;
			projectDirPath = "";
			projectRoot = "";
			targets = (
				BED362E82C45B2DA00F88521 /* ADHD Tracker */,
			);
		};
/* End PBXProject section */

/* Begin PBXResourcesBuildPhase section */
		BED362E72C45B2DA00F88521 /* Resources */ = {
			isa = PBXResourcesBuildPhase;
			buildActionMask = 2147483647;
			files = (
				BED362F62C45B2DD00F88521 /* Preview Assets.xcassets in Resources */,
				BED362F32C45B2DD00F88521 /* Assets.xcassets in Resources */,
			);
			runOnlyForDeploymentPostprocessing = 0;
		};
/* End PBXResourcesBuildPhase section */

/* Begin PBXSourcesBuildPhase section */
		BED362E52C45B2DA00F88521 /* Sources */ = {
			isa = PBXSourcesBuildPhase;
			buildActionMask = 2147483647;
			files = (
				BE52B7D22C4F420000141CC3 /* AddNewMedication.swift in Sources */,
				BED3630D2C472C7D00F88521 /* BloodPressureDetail.swift in Sources */,
				BED3630B2C45CB9500F88521 /* ScreenTimeList.swift in Sources */,
				BE52B7D02C4F41F400141CC3 /* AddNewMedicationDetail.swift in Sources */,
				BED362FF2C45B32700F88521 /* Medication.swift in Sources */,
				BED363152C49F7D100F88521 /* EventDay.swift in Sources */,
				BED363092C45B73400F88521 /* SleepList.swift in Sources */,
				BED362EF2C45B2DA00F88521 /* ContentView.swift in Sources */,
				BED363012C45B33500F88521 /* ScreenTime.swift in Sources */,
				BED363032C45B36100F88521 /* BloodPressure.swift in Sources */,
				BED362ED2C45B2DA00F88521 /* ADHD_TrackerApp.swift in Sources */,
				BED363192C4A17C400F88521 /* EventDayDetail.swift in Sources */,
				BED363112C473F1200F88521 /* ScreenTimeDetail.swift in Sources */,
				BED3631B2C4B2B8400F88521 /* DayData.swift in Sources */,
				BED362FD2C45B31400F88521 /* Sleep.swift in Sources */,
				BED363072C45B57000F88521 /* SampleData.swift in Sources */,
				BED363172C4A156300F88521 /* EventDayList.swift in Sources */,
				BE52B7CA2C4EB45900141CC3 /* MedicationList.swift in Sources */,
				BED363052C45B43800F88521 /* BloodPressureList.swift in Sources */,
				BED3630F2C47390B00F88521 /* SleepDetail.swift in Sources */,
				BE52B7C82C4EB11300141CC3 /* MedicationDetail.swift in Sources */,
			);
			runOnlyForDeploymentPostprocessing = 0;
		};
/* End PBXSourcesBuildPhase section */

/* Begin XCBuildConfiguration section */
		BED362F72C45B2DD00F88521 /* Debug */ = {
			isa = XCBuildConfiguration;
			buildSettings = {
				ALWAYS_SEARCH_USER_PATHS = NO;
				ASSETCATALOG_COMPILER_GENERATE_SWIFT_ASSET_SYMBOL_EXTENSIONS = YES;
				CLANG_ANALYZER_NONNULL = YES;
				CLANG_ANALYZER_NUMBER_OBJECT_CONVERSION = YES_AGGRESSIVE;
				CLANG_CXX_LANGUAGE_STANDARD = "gnu++20";
				CLANG_ENABLE_MODULES = YES;
				CLANG_ENABLE_OBJC_ARC = YES;
				CLANG_ENABLE_OBJC_WEAK = YES;
				CLANG_WARN_BLOCK_CAPTURE_AUTORELEASING = YES;
				CLANG_WARN_BOOL_CONVERSION = YES;
				CLANG_WARN_COMMA = YES;
				CLANG_WARN_CONSTANT_CONVERSION = YES;
				CLANG_WARN_DEPRECATED_OBJC_IMPLEMENTATIONS = YES;
				CLANG_WARN_DIRECT_OBJC_ISA_USAGE = YES_ERROR;
				CLANG_WARN_DOCUMENTATION_COMMENTS = YES;
				CLANG_WARN_EMPTY_BODY = YES;
				CLANG_WARN_ENUM_CONVERSION = YES;
				CLANG_WARN_INFINITE_RECURSION = YES;
				CLANG_WARN_INT_CONVERSION = YES;
				CLANG_WARN_NON_LITERAL_NULL_CONVERSION = YES;
				CLANG_WARN_OBJC_IMPLICIT_RETAIN_SELF = YES;
				CLANG_WARN_OBJC_LITERAL_CONVERSION = YES;
				CLANG_WARN_OBJC_ROOT_CLASS = YES_ERROR;
				CLANG_WARN_QUOTED_INCLUDE_IN_FRAMEWORK_HEADER = YES;
				CLANG_WARN_RANGE_LOOP_ANALYSIS = YES;
				CLANG_WARN_STRICT_PROTOTYPES = YES;
				CLANG_WARN_SUSPICIOUS_MOVE = YES;
				CLANG_WARN_UNGUARDED_AVAILABILITY = YES_AGGRESSIVE;
				CLANG_WARN_UNREACHABLE_CODE = YES;
				CLANG_WARN__DUPLICATE_METHOD_MATCH = YES;
				COPY_PHASE_STRIP = NO;
				DEBUG_INFORMATION_FORMAT = dwarf;
				ENABLE_STRICT_OBJC_MSGSEND = YES;
				ENABLE_TESTABILITY = YES;
				ENABLE_USER_SCRIPT_SANDBOXING = YES;
				GCC_C_LANGUAGE_STANDARD = gnu17;
				GCC_DYNAMIC_NO_PIC = NO;
				GCC_NO_COMMON_BLOCKS = YES;
				GCC_OPTIMIZATION_LEVEL = 0;
				GCC_PREPROCESSOR_DEFINITIONS = (
					"DEBUG=1",
					"$(inherited)",
				);
				GCC_WARN_64_TO_32_BIT_CONVERSION = YES;
				GCC_WARN_ABOUT_RETURN_TYPE = YES_ERROR;
				GCC_WARN_UNDECLARED_SELECTOR = YES;
				GCC_WARN_UNINITIALIZED_AUTOS = YES_AGGRESSIVE;
				GCC_WARN_UNUSED_FUNCTION = YES;
				GCC_WARN_UNUSED_VARIABLE = YES;
				IPHONEOS_DEPLOYMENT_TARGET = 17.5;
				LOCALIZATION_PREFERS_STRING_CATALOGS = YES;
				MTL_ENABLE_DEBUG_INFO = INCLUDE_SOURCE;
				MTL_FAST_MATH = YES;
				ONLY_ACTIVE_ARCH = YES;
				SDKROOT = iphoneos;
				SWIFT_ACTIVE_COMPILATION_CONDITIONS = "DEBUG $(inherited)";
				SWIFT_OPTIMIZATION_LEVEL = "-Onone";
			};
			name = Debug;
		};
		BED362F82C45B2DD00F88521 /* Release */ = {
			isa = XCBuildConfiguration;
			buildSettings = {
				ALWAYS_SEARCH_USER_PATHS = NO;
				ASSETCATALOG_COMPILER_GENERATE_SWIFT_ASSET_SYMBOL_EXTENSIONS = YES;
				CLANG_ANALYZER_NONNULL = YES;
				CLANG_ANALYZER_NUMBER_OBJECT_CONVERSION = YES_AGGRESSIVE;
				CLANG_CXX_LANGUAGE_STANDARD = "gnu++20";
				CLANG_ENABLE_MODULES = YES;
				CLANG_ENABLE_OBJC_ARC = YES;
				CLANG_ENABLE_OBJC_WEAK = YES;
				CLANG_WARN_BLOCK_CAPTURE_AUTORELEASING = YES;
				CLANG_WARN_BOOL_CONVERSION = YES;
				CLANG_WARN_COMMA = YES;
				CLANG_WARN_CONSTANT_CONVERSION = YES;
				CLANG_WARN_DEPRECATED_OBJC_IMPLEMENTATIONS = YES;
				CLANG_WARN_DIRECT_OBJC_ISA_USAGE = YES_ERROR;
				CLANG_WARN_DOCUMENTATION_COMMENTS = YES;
				CLANG_WARN_EMPTY_BODY = YES;
				CLANG_WARN_ENUM_CONVERSION = YES;
				CLANG_WARN_INFINITE_RECURSION = YES;
				CLANG_WARN_INT_CONVERSION = YES;
				CLANG_WARN_NON_LITERAL_NULL_CONVERSION = YES;
				CLANG_WARN_OBJC_IMPLICIT_RETAIN_SELF = YES;
				CLANG_WARN_OBJC_LITERAL_CONVERSION = YES;
				CLANG_WARN_OBJC_ROOT_CLASS = YES_ERROR;
				CLANG_WARN_QUOTED_INCLUDE_IN_FRAMEWORK_HEADER = YES;
				CLANG_WARN_RANGE_LOOP_ANALYSIS = YES;
				CLANG_WARN_STRICT_PROTOTYPES = YES;
				CLANG_WARN_SUSPICIOUS_MOVE = YES;
				CLANG_WARN_UNGUARDED_AVAILABILITY = YES_AGGRESSIVE;
				CLANG_WARN_UNREACHABLE_CODE = YES;
				CLANG_WARN__DUPLICATE_METHOD_MATCH = YES;
				COPY_PHASE_STRIP = NO;
				DEBUG_INFORMATION_FORMAT = "dwarf-with-dsym";
				ENABLE_NS_ASSERTIONS = NO;
				ENABLE_STRICT_OBJC_MSGSEND = YES;
				ENABLE_USER_SCRIPT_SANDBOXING = YES;
				GCC_C_LANGUAGE_STANDARD = gnu17;
				GCC_NO_COMMON_BLOCKS = YES;
				GCC_WARN_64_TO_32_BIT_CONVERSION = YES;
				GCC_WARN_ABOUT_RETURN_TYPE = YES_ERROR;
				GCC_WARN_UNDECLARED_SELECTOR = YES;
				GCC_WARN_UNINITIALIZED_AUTOS = YES_AGGRESSIVE;
				GCC_WARN_UNUSED_FUNCTION = YES;
				GCC_WARN_UNUSED_VARIABLE = YES;
				IPHONEOS_DEPLOYMENT_TARGET = 17.5;
				LOCALIZATION_PREFERS_STRING_CATALOGS = YES;
				MTL_ENABLE_DEBUG_INFO = NO;
				MTL_FAST_MATH = YES;
				SDKROOT = iphoneos;
				SWIFT_COMPILATION_MODE = wholemodule;
				VALIDATE_PRODUCT = YES;
			};
			name = Release;
		};
		BED362FA2C45B2DD00F88521 /* Debug */ = {
			isa = XCBuildConfiguration;
			buildSettings = {
				ASSETCATALOG_COMPILER_APPICON_NAME = AppIcon;
				ASSETCATALOG_COMPILER_GLOBAL_ACCENT_COLOR_NAME = AccentColor;
				CODE_SIGN_STYLE = Automatic;
				CURRENT_PROJECT_VERSION = 1;
				DEVELOPMENT_ASSET_PATHS = "\"ADHD Tracker/Preview Content\"";
				ENABLE_PREVIEWS = YES;
				GENERATE_INFOPLIST_FILE = YES;
				INFOPLIST_KEY_UIApplicationSceneManifest_Generation = YES;
				INFOPLIST_KEY_UIApplicationSupportsIndirectInputEvents = YES;
				INFOPLIST_KEY_UILaunchScreen_Generation = YES;
				INFOPLIST_KEY_UISupportedInterfaceOrientations_iPad = "UIInterfaceOrientationPortrait UIInterfaceOrientationPortraitUpsideDown UIInterfaceOrientationLandscapeLeft UIInterfaceOrientationLandscapeRight";
				INFOPLIST_KEY_UISupportedInterfaceOrientations_iPhone = "UIInterfaceOrientationPortrait UIInterfaceOrientationLandscapeLeft UIInterfaceOrientationLandscapeRight";
				LD_RUNPATH_SEARCH_PATHS = (
					"$(inherited)",
					"@executable_path/Frameworks",
				);
				MARKETING_VERSION = 1.0;
				PRODUCT_BUNDLE_IDENTIFIER = "name.danikirby.ADHD-Tracker";
				PRODUCT_NAME = "$(TARGET_NAME)";
				SWIFT_EMIT_LOC_STRINGS = YES;
				SWIFT_VERSION = 5.0;
				TARGETED_DEVICE_FAMILY = "1,2";
			};
			name = Debug;
		};
		BED362FB2C45B2DD00F88521 /* Release */ = {
			isa = XCBuildConfiguration;
			buildSettings = {
				ASSETCATALOG_COMPILER_APPICON_NAME = AppIcon;
				ASSETCATALOG_COMPILER_GLOBAL_ACCENT_COLOR_NAME = AccentColor;
				CODE_SIGN_STYLE = Automatic;
				CURRENT_PROJECT_VERSION = 1;
				DEVELOPMENT_ASSET_PATHS = "\"ADHD Tracker/Preview Content\"";
				ENABLE_PREVIEWS = YES;
				GENERATE_INFOPLIST_FILE = YES;
				INFOPLIST_KEY_UIApplicationSceneManifest_Generation = YES;
				INFOPLIST_KEY_UIApplicationSupportsIndirectInputEvents = YES;
				INFOPLIST_KEY_UILaunchScreen_Generation = YES;
				INFOPLIST_KEY_UISupportedInterfaceOrientations_iPad = "UIInterfaceOrientationPortrait UIInterfaceOrientationPortraitUpsideDown UIInterfaceOrientationLandscapeLeft UIInterfaceOrientationLandscapeRight";
				INFOPLIST_KEY_UISupportedInterfaceOrientations_iPhone = "UIInterfaceOrientationPortrait UIInterfaceOrientationLandscapeLeft UIInterfaceOrientationLandscapeRight";
				LD_RUNPATH_SEARCH_PATHS = (
					"$(inherited)",
					"@executable_path/Frameworks",
				);
				MARKETING_VERSION = 1.0;
				PRODUCT_BUNDLE_IDENTIFIER = "name.danikirby.ADHD-Tracker";
				PRODUCT_NAME = "$(TARGET_NAME)";
				SWIFT_EMIT_LOC_STRINGS = YES;
				SWIFT_VERSION = 5.0;
				TARGETED_DEVICE_FAMILY = "1,2";
			};
			name = Release;
		};
/* End XCBuildConfiguration section */

/* Begin XCConfigurationList section */
		BED362E42C45B2DA00F88521 /* Build configuration list for PBXProject "ADHD Tracker" */ = {
			isa = XCConfigurationList;
			buildConfigurations = (
				BED362F72C45B2DD00F88521 /* Debug */,
				BED362F82C45B2DD00F88521 /* Release */,
			);
			defaultConfigurationIsVisible = 0;
			defaultConfigurationName = Release;
		};
		BED362F92C45B2DD00F88521 /* Build configuration list for PBXNativeTarget "ADHD Tracker" */ = {
			isa = XCConfigurationList;
			buildConfigurations = (
				BED362FA2C45B2DD00F88521 /* Debug */,
				BED362FB2C45B2DD00F88521 /* Release */,
			);
			defaultConfigurationIsVisible = 0;
			defaultConfigurationName = Release;
		};
/* End XCConfigurationList section */
	};
	rootObject = BED362E12C45B2DA00F88521 /* Project object */;
}
